// !$*UTF8*$!
{
	archiveVersion = 1;
	classes = {
	};
	objectVersion = 50;
	objects = {

/* Begin PBXBuildFile section */
		71D9CFA1209CFE920073C618 /* Podfile in Resources */ = {isa = PBXBuildFile; fileRef = 71D9CFA0209CFE920073C618 /* Podfile */; };
		DE71518F405DC925CB587D1B /* Pods_RxSwiftRunLengthEncoding.framework in Frameworks */ = {isa = PBXBuildFile; fileRef = 2A5CD20F4CBA24440935E84C /* Pods_RxSwiftRunLengthEncoding.framework */; };
/* End PBXBuildFile section */

/* Begin PBXFileReference section */
		2A5CD20F4CBA24440935E84C /* Pods_RxSwiftRunLengthEncoding.framework */ = {isa = PBXFileReference; explicitFileType = wrapper.framework; includeInIndex = 0; path = Pods_RxSwiftRunLengthEncoding.framework; sourceTree = BUILT_PRODUCTS_DIR; };
		30A97B6EFD9C6A9B2F5A9F05 /* Pods-RxSwiftRunLengthEncoding.release.xcconfig */ = {isa = PBXFileReference; includeInIndex = 1; lastKnownFileType = text.xcconfig; name = "Pods-RxSwiftRunLengthEncoding.release.xcconfig"; path = "Pods/Target Support Files/Pods-RxSwiftRunLengthEncoding/Pods-RxSwiftRunLengthEncoding.release.xcconfig"; sourceTree = "<group>"; };
		59D8A5D1669FF47748FBDE69 /* Pods-RxSwiftRunLengthEncoding.debug.xcconfig */ = {isa = PBXFileReference; includeInIndex = 1; lastKnownFileType = text.xcconfig; name = "Pods-RxSwiftRunLengthEncoding.debug.xcconfig"; path = "Pods/Target Support Files/Pods-RxSwiftRunLengthEncoding/Pods-RxSwiftRunLengthEncoding.debug.xcconfig"; sourceTree = "<group>"; };
		71764441209CFC7B00836B2F /* RxSwiftRunLengthEncoding.app */ = {isa = PBXFileReference; explicitFileType = wrapper.application; includeInIndex = 0; path = RxSwiftRunLengthEncoding.app; sourceTree = BUILT_PRODUCTS_DIR; };
		71764450209CFC7C00836B2F /* Info.plist */ = {isa = PBXFileReference; lastKnownFileType = text.plist.xml; path = Info.plist; sourceTree = "<group>"; };
		71B0A942209CFCF500BF2F68 /* RunLength.playground */ = {isa = PBXFileReference; lastKnownFileType = file.playground; path = RunLength.playground; sourceTree = "<group>"; xcLanguageSpecificationIdentifier = xcode.lang.swift; };
		71D9CFA0209CFE920073C618 /* Podfile */ = {isa = PBXFileReference; fileEncoding = 4; lastKnownFileType = text; path = Podfile; sourceTree = "<group>"; };
/* End PBXFileReference section */

/* Begin PBXFrameworksBuildPhase section */
		7176443E209CFC7B00836B2F /* Frameworks */ = {
			isa = PBXFrameworksBuildPhase;
			buildActionMask = 2147483647;
			files = (
				DE71518F405DC925CB587D1B /* Pods_RxSwiftRunLengthEncoding.framework in Frameworks */,
			);
			runOnlyForDeploymentPostprocessing = 0;
		};
/* End PBXFrameworksBuildPhase section */

/* Begin PBXGroup section */
		69E70E532302A14053D72C0D /* Frameworks */ = {
			isa = PBXGroup;
			children = (
				2A5CD20F4CBA24440935E84C /* Pods_RxSwiftRunLengthEncoding.framework */,
			);
			name = Frameworks;
			sourceTree = "<group>";
		};
		71764438209CFC7B00836B2F = {
			isa = PBXGroup;
			children = (
				71D9CFA0209CFE920073C618 /* Podfile */,
				71764443209CFC7B00836B2F /* RxSwiftRunLengthEncoding */,
				71764442209CFC7B00836B2F /* Products */,
				7BF5B10549A8282416272A8E /* Pods */,
				69E70E532302A14053D72C0D /* Frameworks */,
			);
			sourceTree = "<group>";
		};
		71764442209CFC7B00836B2F /* Products */ = {
			isa = PBXGroup;
			children = (
				71764441209CFC7B00836B2F /* RxSwiftRunLengthEncoding.app */,
			);
			name = Products;
			sourceTree = "<group>";
		};
		71764443209CFC7B00836B2F /* RxSwiftRunLengthEncoding */ = {
			isa = PBXGroup;
			children = (
				71764450209CFC7C00836B2F /* Info.plist */,
				71B0A942209CFCF500BF2F68 /* RunLength.playground */,
			);
			path = RxSwiftRunLengthEncoding;
			sourceTree = "<group>";
		};
		7BF5B10549A8282416272A8E /* Pods */ = {
			isa = PBXGroup;
			children = (
				59D8A5D1669FF47748FBDE69 /* Pods-RxSwiftRunLengthEncoding.debug.xcconfig */,
				30A97B6EFD9C6A9B2F5A9F05 /* Pods-RxSwiftRunLengthEncoding.release.xcconfig */,
			);
			name = Pods;
			sourceTree = "<group>";
		};
/* End PBXGroup section */

/* Begin PBXNativeTarget section */
		71764440209CFC7B00836B2F /* RxSwiftRunLengthEncoding */ = {
			isa = PBXNativeTarget;
			buildConfigurationList = 71764453209CFC7C00836B2F /* Build configuration list for PBXNativeTarget "RxSwiftRunLengthEncoding" */;
			buildPhases = (
				27BDC10297192A7471B8D1EC /* [CP] Check Pods Manifest.lock */,
				7176443D209CFC7B00836B2F /* Sources */,
				7176443E209CFC7B00836B2F /* Frameworks */,
				7176443F209CFC7B00836B2F /* Resources */,
				3EB3758E0E4CF25DD8F4DC09 /* [CP] Embed Pods Frameworks */,
				BF8705FDE02E5413C89D462A /* [CP] Copy Pods Resources */,
			);
			buildRules = (
			);
			dependencies = (
			);
			name = RxSwiftRunLengthEncoding;
			productName = RxSwiftRunLengthEncoding;
			productReference = 71764441209CFC7B00836B2F /* RxSwiftRunLengthEncoding.app */;
			productType = "com.apple.product-type.application";
		};
/* End PBXNativeTarget section */

/* Begin PBXProject section */
		71764439209CFC7B00836B2F /* Project object */ = {
			isa = PBXProject;
			attributes = {
				LastSwiftUpdateCheck = 0930;
				LastUpgradeCheck = 0930;
				ORGANIZATIONNAME = "Luca Ivaldi";
				TargetAttributes = {
					71764440209CFC7B00836B2F = {
						CreatedOnToolsVersion = 9.3;
					};
				};
			};
			buildConfigurationList = 7176443C209CFC7B00836B2F /* Build configuration list for PBXProject "RxSwiftRunLengthEncoding" */;
			compatibilityVersion = "Xcode 9.3";
			developmentRegion = en;
			hasScannedForEncodings = 0;
			knownRegions = (
				en,
				Base,
			);
			mainGroup = 71764438209CFC7B00836B2F;
			productRefGroup = 71764442209CFC7B00836B2F /* Products */;
			projectDirPath = "";
			projectRoot = "";
			targets = (
				71764440209CFC7B00836B2F /* RxSwiftRunLengthEncoding */,
			);
		};
/* End PBXProject section */

/* Begin PBXResourcesBuildPhase section */
		7176443F209CFC7B00836B2F /* Resources */ = {
			isa = PBXResourcesBuildPhase;
			buildActionMask = 2147483647;
			files = (
				71D9CFA1209CFE920073C618 /* Podfile in Resources */,
			);
			runOnlyForDeploymentPostprocessing = 0;
		};
/* End PBXResourcesBuildPhase section */

/* Begin PBXShellScriptBuildPhase section */
		27BDC10297192A7471B8D1EC /* [CP] Check Pods Manifest.lock */ = {
			isa = PBXShellScriptBuildPhase;
			buildActionMask = 2147483647;
			files = (
			);
			inputPaths = (
				"${PODS_PODFILE_DIR_PATH}/Podfile.lock",
				"${PODS_ROOT}/Manifest.lock",
			);
			name = "[CP] Check Pods Manifest.lock";
			outputPaths = (
				"$(DERIVED_FILE_DIR)/Pods-RxSwiftRunLengthEncoding-checkManifestLockResult.txt",
			);
			runOnlyForDeploymentPostprocessing = 0;
			shellPath = /bin/sh;
			shellScript = "diff \"${PODS_PODFILE_DIR_PATH}/Podfile.lock\" \"${PODS_ROOT}/Manifest.lock\" > /dev/null\nif [ $? != 0 ] ; then\n    # print error to STDERR\n    echo \"error: The sandbox is not in sync with the Podfile.lock. Run 'pod install' or update your CocoaPods installation.\" >&2\n    exit 1\nfi\n# This output is used by Xcode 'outputs' to avoid re-running this script phase.\necho \"SUCCESS\" > \"${SCRIPT_OUTPUT_FILE_0}\"\n";
			showEnvVarsInLog = 0;
		};
		3EB3758E0E4CF25DD8F4DC09 /* [CP] Embed Pods Frameworks */ = {
			isa = PBXShellScriptBuildPhase;
			buildActionMask = 2147483647;
			files = (
			);
			inputPaths = (
				"${SRCROOT}/Pods/Target Support Files/Pods-RxSwiftRunLengthEncoding/Pods-RxSwiftRunLengthEncoding-frameworks.sh",
				"${BUILT_PRODUCTS_DIR}/RxSwift/RxSwift.framework",
			);
			name = "[CP] Embed Pods Frameworks";
			outputPaths = (
				"${TARGET_BUILD_DIR}/${FRAMEWORKS_FOLDER_PATH}/RxSwift.framework",
			);
			runOnlyForDeploymentPostprocessing = 0;
			shellPath = /bin/sh;
			shellScript = "\"${SRCROOT}/Pods/Target Support Files/Pods-RxSwiftRunLengthEncoding/Pods-RxSwiftRunLengthEncoding-frameworks.sh\"\n";
			showEnvVarsInLog = 0;
		};
		BF8705FDE02E5413C89D462A /* [CP] Copy Pods Resources */ = {
			isa = PBXShellScriptBuildPhase;
			buildActionMask = 2147483647;
			files = (
			);
			inputPaths = (
			);
			name = "[CP] Copy Pods Resources";
			outputPaths = (
			);
			runOnlyForDeploymentPostprocessing = 0;
			shellPath = /bin/sh;
			shellScript = "\"${SRCROOT}/Pods/Target Support Files/Pods-RxSwiftRunLengthEncoding/Pods-RxSwiftRunLengthEncoding-resources.sh\"\n";
			showEnvVarsInLog = 0;
		};
/* End PBXShellScriptBuildPhase section */

/* Begin PBXSourcesBuildPhase section */
		7176443D209CFC7B00836B2F /* Sources */ = {
			isa = PBXSourcesBuildPhase;
			buildActionMask = 2147483647;
			files = (
			);
			runOnlyForDeploymentPostprocessing = 0;
		};
/* End PBXSourcesBuildPhase section */

/* Begin XCBuildConfiguration section */
		71764451209CFC7C00836B2F /* Debug */ = {
			isa = XCBuildConfiguration;
			buildSettings = {
				ALWAYS_SEARCH_USER_PATHS = NO;
				CLANG_ANALYZER_NONNULL = YES;
				CLANG_ANALYZER_NUMBER_OBJECT_CONVERSION = YES_AGGRESSIVE;
				CLANG_CXX_LANGUAGE_STANDARD = "gnu++14";
				CLANG_CXX_LIBRARY = "libc++";
				CLANG_ENABLE_MODULES = YES;
				CLANG_ENABLE_OBJC_ARC = YES;
				CLANG_ENABLE_OBJC_WEAK = YES;
				CLANG_WARN_BLOCK_CAPTURE_AUTORELEASING = YES;
				CLANG_WARN_BOOL_CONVERSION = YES;
				CLANG_WARN_COMMA = YES;
				CLANG_WARN_CONSTANT_CONVERSION = YES;
				CLANG_WARN_DEPRECATED_OBJC_IMPLEMENTATIONS = YES;
				CLANG_WARN_DIRECT_OBJC_ISA_USAGE = YES_ERROR;
				CLANG_WARN_DOCUMENTATION_COMMENTS = YES;
				CLANG_WARN_EMPTY_BODY = YES;
				CLANG_WARN_ENUM_CONVERSION = YES;
				CLANG_WARN_INFINITE_RECURSION = YES;
				CLANG_WARN_INT_CONVERSION = YES;
				CLANG_WARN_NON_LITERAL_NULL_CONVERSION = YES;
				CLANG_WARN_OBJC_IMPLICIT_RETAIN_SELF = YES;
				CLANG_WARN_OBJC_LITERAL_CONVERSION = YES;
				CLANG_WARN_OBJC_ROOT_CLASS = YES_ERROR;
				CLANG_WARN_RANGE_LOOP_ANALYSIS = YES;
				CLANG_WARN_STRICT_PROTOTYPES = YES;
				CLANG_WARN_SUSPICIOUS_MOVE = YES;
				CLANG_WARN_UNGUARDED_AVAILABILITY = YES_AGGRESSIVE;
				CLANG_WARN_UNREACHABLE_CODE = YES;
				CLANG_WARN__DUPLICATE_METHOD_MATCH = YES;
				CODE_SIGN_IDENTITY = "iPhone Developer";
				COPY_PHASE_STRIP = NO;
				DEBUG_INFORMATION_FORMAT = dwarf;
				ENABLE_STRICT_OBJC_MSGSEND = YES;
				ENABLE_TESTABILITY = YES;
				GCC_C_LANGUAGE_STANDARD = gnu11;
				GCC_DYNAMIC_NO_PIC = NO;
				GCC_NO_COMMON_BLOCKS = YES;
				GCC_OPTIMIZATION_LEVEL = 0;
				GCC_PREPROCESSOR_DEFINITIONS = (
					"DEBUG=1",
					"$(inherited)",
				);
				GCC_WARN_64_TO_32_BIT_CONVERSION = YES;
				GCC_WARN_ABOUT_RETURN_TYPE = YES_ERROR;
				GCC_WARN_UNDECLARED_SELECTOR = YES;
				GCC_WARN_UNINITIALIZED_AUTOS = YES_AGGRESSIVE;
				GCC_WARN_UNUSED_FUNCTION = YES;
				GCC_WARN_UNUSED_VARIABLE = YES;
				IPHONEOS_DEPLOYMENT_TARGET = 11.3;
				MTL_ENABLE_DEBUG_INFO = YES;
				ONLY_ACTIVE_ARCH = YES;
				SDKROOT = iphoneos;
				SWIFT_ACTIVE_COMPILATION_CONDITIONS = DEBUG;
				SWIFT_OPTIMIZATION_LEVEL = "-Onone";
			};
			name = Debug;
		};
		71764452209CFC7C00836B2F /* Release */ = {
			isa = XCBuildConfiguration;
			buildSettings = {
				ALWAYS_SEARCH_USER_PATHS = NO;
				CLANG_ANALYZER_NONNULL = YES;
				CLANG_ANALYZER_NUMBER_OBJECT_CONVERSION = YES_AGGRESSIVE;
				CLANG_CXX_LANGUAGE_STANDARD = "gnu++14";
				CLANG_CXX_LIBRARY = "libc++";
				CLANG_ENABLE_MODULES = YES;
				CLANG_ENABLE_OBJC_ARC = YES;
				CLANG_ENABLE_OBJC_WEAK = YES;
				CLANG_WARN_BLOCK_CAPTURE_AUTORELEASING = YES;
				CLANG_WARN_BOOL_CONVERSION = YES;
				CLANG_WARN_COMMA = YES;
				CLANG_WARN_CONSTANT_CONVERSION = YES;
				CLANG_WARN_DEPRECATED_OBJC_IMPLEMENTATIONS = YES;
				CLANG_WARN_DIRECT_OBJC_ISA_USAGE = YES_ERROR;
				CLANG_WARN_DOCUMENTATION_COMMENTS = YES;
				CLANG_WARN_EMPTY_BODY = YES;
				CLANG_WARN_ENUM_CONVERSION = YES;
				CLANG_WARN_INFINITE_RECURSION = YES;
				CLANG_WARN_INT_CONVERSION = YES;
				CLANG_WARN_NON_LITERAL_NULL_CONVERSION = YES;
				CLANG_WARN_OBJC_IMPLICIT_RETAIN_SELF = YES;
				CLANG_WARN_OBJC_LITERAL_CONVERSION = YES;
				CLANG_WARN_OBJC_ROOT_CLASS = YES_ERROR;
				CLANG_WARN_RANGE_LOOP_ANALYSIS = YES;
				CLANG_WARN_STRICT_PROTOTYPES = YES;
				CLANG_WARN_SUSPICIOUS_MOVE = YES;
				CLANG_WARN_UNGUARDED_AVAILABILITY = YES_AGGRESSIVE;
				CLANG_WARN_UNREACHABLE_CODE = YES;
				CLANG_WARN__DUPLICATE_METHOD_MATCH = YES;
				CODE_SIGN_IDENTITY = "iPhone Developer";
				COPY_PHASE_STRIP = NO;
				DEBUG_INFORMATION_FORMAT = "dwarf-with-dsym";
				ENABLE_NS_ASSERTIONS = NO;
				ENABLE_STRICT_OBJC_MSGSEND = YES;
				GCC_C_LANGUAGE_STANDARD = gnu11;
				GCC_NO_COMMON_BLOCKS = YES;
				GCC_WARN_64_TO_32_BIT_CONVERSION = YES;
				GCC_WARN_ABOUT_RETURN_TYPE = YES_ERROR;
				GCC_WARN_UNDECLARED_SELECTOR = YES;
				GCC_WARN_UNINITIALIZED_AUTOS = YES_AGGRESSIVE;
				GCC_WARN_UNUSED_FUNCTION = YES;
				GCC_WARN_UNUSED_VARIABLE = YES;
				IPHONEOS_DEPLOYMENT_TARGET = 11.3;
				MTL_ENABLE_DEBUG_INFO = NO;
				SDKROOT = iphoneos;
				SWIFT_COMPILATION_MODE = wholemodule;
				SWIFT_OPTIMIZATION_LEVEL = "-O";
				VALIDATE_PRODUCT = YES;
			};
			name = Release;
		};
		71764454209CFC7C00836B2F /* Debug */ = {
			isa = XCBuildConfiguration;
			baseConfigurationReference = 59D8A5D1669FF47748FBDE69 /* Pods-RxSwiftRunLengthEncoding.debug.xcconfig */;
			buildSettings = {
				ASSETCATALOG_COMPILER_APPICON_NAME = AppIcon;
				CODE_SIGN_STYLE = Automatic;
				DEVELOPMENT_TEAM = 7JGH97ZP93;
				INFOPLIST_FILE = RxSwiftRunLengthEncoding/Info.plist;
				LD_RUNPATH_SEARCH_PATHS = (
					"$(inherited)",
					"@executable_path/Frameworks",
				);
				PRODUCT_BUNDLE_IDENTIFIER = com.ordinarycode.RxSwiftRunLengthEncoding;
				PRODUCT_NAME = "$(TARGET_NAME)";
				SWIFT_VERSION = 4.0;
				TARGETED_DEVICE_FAMILY = "1,2";
			};
			name = Debug;
		};
		71764455209CFC7C00836B2F /* Release */ = {
			isa = XCBuildConfiguration;
			baseConfigurationReference = 30A97B6EFD9C6A9B2F5A9F05 /* Pods-RxSwiftRunLengthEncoding.release.xcconfig */;
			buildSettings = {
				ASSETCATALOG_COMPILER_APPICON_NAME = AppIcon;
				CODE_SIGN_STYLE = Automatic;
				DEVELOPMENT_TEAM = 7JGH97ZP93;
				INFOPLIST_FILE = RxSwiftRunLengthEncoding/Info.plist;
				LD_RUNPATH_SEARCH_PATHS = (
					"$(inherited)",
					"@executable_path/Frameworks",
				);
				PRODUCT_BUNDLE_IDENTIFIER = com.ordinarycode.RxSwiftRunLengthEncoding;
				PRODUCT_NAME = "$(TARGET_NAME)";
				SWIFT_VERSION = 4.0;
				TARGETED_DEVICE_FAMILY = "1,2";
			};
			name = Release;
		};
/* End XCBuildConfiguration section */

/* Begin XCConfigurationList section */
		7176443C209CFC7B00836B2F /* Build configuration list for PBXProject "RxSwiftRunLengthEncoding" */ = {
			isa = XCConfigurationList;
			buildConfigurations = (
				71764451209CFC7C00836B2F /* Debug */,
				71764452209CFC7C00836B2F /* Release */,
			);
			defaultConfigurationIsVisible = 0;
			defaultConfigurationName = Release;
		};
		71764453209CFC7C00836B2F /* Build configuration list for PBXNativeTarget "RxSwiftRunLengthEncoding" */ = {
			isa = XCConfigurationList;
			buildConfigurations = (
				71764454209CFC7C00836B2F /* Debug */,
				71764455209CFC7C00836B2F /* Release */,
			);
			defaultConfigurationIsVisible = 0;
			defaultConfigurationName = Release;
		};
/* End XCConfigurationList section */
	};
	rootObject = 71764439209CFC7B00836B2F /* Project object */;
}
